// !$*UTF8*$!
{
	archiveVersion = 1;
	classes = {
	};
	objectVersion = 46;
	objects = {

/* Begin PBXBuildFile section */
		C362B3FA1A0E5CE200E54F84 /* main.m in Sources */ = {isa = PBXBuildFile; fileRef = C362B3F91A0E5CE200E54F84 /* main.m */; };
		C362B3FD1A0E5CE200E54F84 /* AppDelegate.m in Sources */ = {isa = PBXBuildFile; fileRef = C362B3FC1A0E5CE200E54F84 /* AppDelegate.m */; };
		C362B4001A0E5CE200E54F84 /* ViewController.m in Sources */ = {isa = PBXBuildFile; fileRef = C362B3FF1A0E5CE200E54F84 /* ViewController.m */; };
		C362B4031A0E5CE200E54F84 /* Main.storyboard in Resources */ = {isa = PBXBuildFile; fileRef = C362B4011A0E5CE200E54F84 /* Main.storyboard */; };
		C362B4051A0E5CE200E54F84 /* Images.xcassets in Resources */ = {isa = PBXBuildFile; fileRef = C362B4041A0E5CE200E54F84 /* Images.xcassets */; };
		C362B4081A0E5CE200E54F84 /* LaunchScreen.xib in Resources */ = {isa = PBXBuildFile; fileRef = C362B4061A0E5CE200E54F84 /* LaunchScreen.xib */; };
		C362B4141A0E5CE200E54F84 /* DPLifeTests.m in Sources */ = {isa = PBXBuildFile; fileRef = C362B4131A0E5CE200E54F84 /* DPLifeTests.m */; };
		C362B4241A0E63FA00E54F84 /* BaseController.m in Sources */ = {isa = PBXBuildFile; fileRef = C362B4231A0E63FA00E54F84 /* BaseController.m */; };
		C362B4271A0E64C200E54F84 /* DPNavigationController.m in Sources */ = {isa = PBXBuildFile; fileRef = C362B4261A0E64C200E54F84 /* DPNavigationController.m */; };
		C362B42A1A0E658700E54F84 /* DPTabBarController.m in Sources */ = {isa = PBXBuildFile; fileRef = C362B4291A0E658700E54F84 /* DPTabBarController.m */; };
		C362B4401A0E660A00E54F84 /* AFHTTPRequestOperation.m in Sources */ = {isa = PBXBuildFile; fileRef = C362B42E1A0E660A00E54F84 /* AFHTTPRequestOperation.m */; };
		C362B4411A0E660A00E54F84 /* AFHTTPRequestOperationManager.m in Sources */ = {isa = PBXBuildFile; fileRef = C362B4301A0E660A00E54F84 /* AFHTTPRequestOperationManager.m */; };
		C362B4421A0E660A00E54F84 /* AFHTTPSessionManager.m in Sources */ = {isa = PBXBuildFile; fileRef = C362B4321A0E660A00E54F84 /* AFHTTPSessionManager.m */; };
		C362B4431A0E660A00E54F84 /* AFNetworkReachabilityManager.m in Sources */ = {isa = PBXBuildFile; fileRef = C362B4351A0E660A00E54F84 /* AFNetworkReachabilityManager.m */; };
		C362B4441A0E660A00E54F84 /* AFSecurityPolicy.m in Sources */ = {isa = PBXBuildFile; fileRef = C362B4371A0E660A00E54F84 /* AFSecurityPolicy.m */; };
		C362B4451A0E660A00E54F84 /* AFURLConnectionOperation.m in Sources */ = {isa = PBXBuildFile; fileRef = C362B4391A0E660A00E54F84 /* AFURLConnectionOperation.m */; };
		C362B4461A0E660A00E54F84 /* AFURLRequestSerialization.m in Sources */ = {isa = PBXBuildFile; fileRef = C362B43B1A0E660A00E54F84 /* AFURLRequestSerialization.m */; };
		C362B4471A0E660A00E54F84 /* AFURLResponseSerialization.m in Sources */ = {isa = PBXBuildFile; fileRef = C362B43D1A0E660A00E54F84 /* AFURLResponseSerialization.m */; };
		C362B4481A0E660A00E54F84 /* AFURLSessionManager.m in Sources */ = {isa = PBXBuildFile; fileRef = C362B43F1A0E660A00E54F84 /* AFURLSessionManager.m */; };
		C362B44A1A0E6C2A00E54F84 /* Security.framework in Frameworks */ = {isa = PBXBuildFile; fileRef = C362B4491A0E6C2A00E54F84 /* Security.framework */; };
		C362B44C1A0E6C3700E54F84 /* MobileCoreServices.framework in Frameworks */ = {isa = PBXBuildFile; fileRef = C362B44B1A0E6C3700E54F84 /* MobileCoreServices.framework */; };
		C362B44E1A0E6C4E00E54F84 /* SystemConfiguration.framework in Frameworks */ = {isa = PBXBuildFile; fileRef = C362B44D1A0E6C4E00E54F84 /* SystemConfiguration.framework */; };
		C362B4531A0E6D3000E54F84 /* StoreController.m in Sources */ = {isa = PBXBuildFile; fileRef = C362B4521A0E6D3000E54F84 /* StoreController.m */; };
		C368ECEA1A0F6EDC00AEB8C8 /* DataUtils.m in Sources */ = {isa = PBXBuildFile; fileRef = C368ECE91A0F6EDC00AEB8C8 /* DataUtils.m */; };
		C368ECEF1A0F75C600AEB8C8 /* DPRequest.m in Sources */ = {isa = PBXBuildFile; fileRef = C368ECEE1A0F75C600AEB8C8 /* DPRequest.m */; };
		C368ECF51A0F7D6300AEB8C8 /* NetworkManager.m in Sources */ = {isa = PBXBuildFile; fileRef = C368ECF41A0F7D6300AEB8C8 /* NetworkManager.m */; };
		C368ECF81A0F825C00AEB8C8 /* DPResponse.m in Sources */ = {isa = PBXBuildFile; fileRef = C368ECF71A0F825C00AEB8C8 /* DPResponse.m */; };
		C368ECFF1A0F8F3C00AEB8C8 /* UserController.m in Sources */ = {isa = PBXBuildFile; fileRef = C368ECFE1A0F8F3C00AEB8C8 /* UserController.m */; };
		C368ED031A0F918800AEB8C8 /* tab_user_nor.png in Resources */ = {isa = PBXBuildFile; fileRef = C368ED011A0F918800AEB8C8 /* tab_user_nor.png */; };
		C368ED041A0F918800AEB8C8 /* tab_user_sel.png in Resources */ = {isa = PBXBuildFile; fileRef = C368ED021A0F918800AEB8C8 /* tab_user_sel.png */; };
		C3D749041A110DC800810559 /* DPConstants.m in Sources */ = {isa = PBXBuildFile; fileRef = C3D749031A110DC800810559 /* DPConstants.m */; };
/* End PBXBuildFile section */

/* Begin PBXContainerItemProxy section */
		C362B40E1A0E5CE200E54F84 /* PBXContainerItemProxy */ = {
			isa = PBXContainerItemProxy;
			containerPortal = C362B3EC1A0E5CE200E54F84 /* Project object */;
			proxyType = 1;
			remoteGlobalIDString = C362B3F31A0E5CE200E54F84;
			remoteInfo = DPLife;
		};
/* End PBXContainerItemProxy section */

/* Begin PBXFileReference section */
		C362B3F41A0E5CE200E54F84 /* DPLife.app */ = {isa = PBXFileReference; explicitFileType = wrapper.application; includeInIndex = 0; path = DPLife.app; sourceTree = BUILT_PRODUCTS_DIR; };
		C362B3F81A0E5CE200E54F84 /* Info.plist */ = {isa = PBXFileReference; lastKnownFileType = text.plist.xml; path = Info.plist; sourceTree = "<group>"; };
		C362B3F91A0E5CE200E54F84 /* main.m */ = {isa = PBXFileReference; lastKnownFileType = sourcecode.c.objc; path = main.m; sourceTree = "<group>"; };
		C362B3FB1A0E5CE200E54F84 /* AppDelegate.h */ = {isa = PBXFileReference; lastKnownFileType = sourcecode.c.h; path = AppDelegate.h; sourceTree = "<group>"; };
		C362B3FC1A0E5CE200E54F84 /* AppDelegate.m */ = {isa = PBXFileReference; lastKnownFileType = sourcecode.c.objc; path = AppDelegate.m; sourceTree = "<group>"; };
		C362B3FE1A0E5CE200E54F84 /* ViewController.h */ = {isa = PBXFileReference; lastKnownFileType = sourcecode.c.h; path = ViewController.h; sourceTree = "<group>"; };
		C362B3FF1A0E5CE200E54F84 /* ViewController.m */ = {isa = PBXFileReference; lastKnownFileType = sourcecode.c.objc; path = ViewController.m; sourceTree = "<group>"; };
		C362B4021A0E5CE200E54F84 /* Base */ = {isa = PBXFileReference; lastKnownFileType = file.storyboard; name = Base; path = Base.lproj/Main.storyboard; sourceTree = "<group>"; };
		C362B4041A0E5CE200E54F84 /* Images.xcassets */ = {isa = PBXFileReference; lastKnownFileType = folder.assetcatalog; path = Images.xcassets; sourceTree = "<group>"; };
		C362B4071A0E5CE200E54F84 /* Base */ = {isa = PBXFileReference; lastKnownFileType = file.xib; name = Base; path = Base.lproj/LaunchScreen.xib; sourceTree = "<group>"; };
		C362B40D1A0E5CE200E54F84 /* DPLifeTests.xctest */ = {isa = PBXFileReference; explicitFileType = wrapper.cfbundle; includeInIndex = 0; path = DPLifeTests.xctest; sourceTree = BUILT_PRODUCTS_DIR; };
		C362B4121A0E5CE200E54F84 /* Info.plist */ = {isa = PBXFileReference; lastKnownFileType = text.plist.xml; path = Info.plist; sourceTree = "<group>"; };
		C362B4131A0E5CE200E54F84 /* DPLifeTests.m */ = {isa = PBXFileReference; lastKnownFileType = sourcecode.c.objc; path = DPLifeTests.m; sourceTree = "<group>"; };
		C362B4221A0E63FA00E54F84 /* BaseController.h */ = {isa = PBXFileReference; fileEncoding = 4; lastKnownFileType = sourcecode.c.h; path = BaseController.h; sourceTree = "<group>"; };
		C362B4231A0E63FA00E54F84 /* BaseController.m */ = {isa = PBXFileReference; fileEncoding = 4; lastKnownFileType = sourcecode.c.objc; path = BaseController.m; sourceTree = "<group>"; };
		C362B4251A0E64C200E54F84 /* DPNavigationController.h */ = {isa = PBXFileReference; fileEncoding = 4; lastKnownFileType = sourcecode.c.h; path = DPNavigationController.h; sourceTree = "<group>"; };
		C362B4261A0E64C200E54F84 /* DPNavigationController.m */ = {isa = PBXFileReference; fileEncoding = 4; lastKnownFileType = sourcecode.c.objc; path = DPNavigationController.m; sourceTree = "<group>"; };
		C362B4281A0E658700E54F84 /* DPTabBarController.h */ = {isa = PBXFileReference; fileEncoding = 4; lastKnownFileType = sourcecode.c.h; path = DPTabBarController.h; sourceTree = "<group>"; };
		C362B4291A0E658700E54F84 /* DPTabBarController.m */ = {isa = PBXFileReference; fileEncoding = 4; lastKnownFileType = sourcecode.c.objc; path = DPTabBarController.m; sourceTree = "<group>"; };
		C362B42D1A0E660A00E54F84 /* AFHTTPRequestOperation.h */ = {isa = PBXFileReference; fileEncoding = 4; lastKnownFileType = sourcecode.c.h; path = AFHTTPRequestOperation.h; sourceTree = "<group>"; };
		C362B42E1A0E660A00E54F84 /* AFHTTPRequestOperation.m */ = {isa = PBXFileReference; fileEncoding = 4; lastKnownFileType = sourcecode.c.objc; path = AFHTTPRequestOperation.m; sourceTree = "<group>"; };
		C362B42F1A0E660A00E54F84 /* AFHTTPRequestOperationManager.h */ = {isa = PBXFileReference; fileEncoding = 4; lastKnownFileType = sourcecode.c.h; path = AFHTTPRequestOperationManager.h; sourceTree = "<group>"; };
		C362B4301A0E660A00E54F84 /* AFHTTPRequestOperationManager.m */ = {isa = PBXFileReference; fileEncoding = 4; lastKnownFileType = sourcecode.c.objc; path = AFHTTPRequestOperationManager.m; sourceTree = "<group>"; };
		C362B4311A0E660A00E54F84 /* AFHTTPSessionManager.h */ = {isa = PBXFileReference; fileEncoding = 4; lastKnownFileType = sourcecode.c.h; path = AFHTTPSessionManager.h; sourceTree = "<group>"; };
		C362B4321A0E660A00E54F84 /* AFHTTPSessionManager.m */ = {isa = PBXFileReference; fileEncoding = 4; lastKnownFileType = sourcecode.c.objc; path = AFHTTPSessionManager.m; sourceTree = "<group>"; };
		C362B4331A0E660A00E54F84 /* AFNetworking.h */ = {isa = PBXFileReference; fileEncoding = 4; lastKnownFileType = sourcecode.c.h; path = AFNetworking.h; sourceTree = "<group>"; };
		C362B4341A0E660A00E54F84 /* AFNetworkReachabilityManager.h */ = {isa = PBXFileReference; fileEncoding = 4; lastKnownFileType = sourcecode.c.h; path = AFNetworkReachabilityManager.h; sourceTree = "<group>"; };
		C362B4351A0E660A00E54F84 /* AFNetworkReachabilityManager.m */ = {isa = PBXFileReference; fileEncoding = 4; lastKnownFileType = sourcecode.c.objc; path = AFNetworkReachabilityManager.m; sourceTree = "<group>"; };
		C362B4361A0E660A00E54F84 /* AFSecurityPolicy.h */ = {isa = PBXFileReference; fileEncoding = 4; lastKnownFileType = sourcecode.c.h; path = AFSecurityPolicy.h; sourceTree = "<group>"; };
		C362B4371A0E660A00E54F84 /* AFSecurityPolicy.m */ = {isa = PBXFileReference; fileEncoding = 4; lastKnownFileType = sourcecode.c.objc; path = AFSecurityPolicy.m; sourceTree = "<group>"; };
		C362B4381A0E660A00E54F84 /* AFURLConnectionOperation.h */ = {isa = PBXFileReference; fileEncoding = 4; lastKnownFileType = sourcecode.c.h; path = AFURLConnectionOperation.h; sourceTree = "<group>"; };
		C362B4391A0E660A00E54F84 /* AFURLConnectionOperation.m */ = {isa = PBXFileReference; fileEncoding = 4; lastKnownFileType = sourcecode.c.objc; path = AFURLConnectionOperation.m; sourceTree = "<group>"; };
		C362B43A1A0E660A00E54F84 /* AFURLRequestSerialization.h */ = {isa = PBXFileReference; fileEncoding = 4; lastKnownFileType = sourcecode.c.h; path = AFURLRequestSerialization.h; sourceTree = "<group>"; };
		C362B43B1A0E660A00E54F84 /* AFURLRequestSerialization.m */ = {isa = PBXFileReference; fileEncoding = 4; lastKnownFileType = sourcecode.c.objc; path = AFURLRequestSerialization.m; sourceTree = "<group>"; };
		C362B43C1A0E660A00E54F84 /* AFURLResponseSerialization.h */ = {isa = PBXFileReference; fileEncoding = 4; lastKnownFileType = sourcecode.c.h; path = AFURLResponseSerialization.h; sourceTree = "<group>"; };
		C362B43D1A0E660A00E54F84 /* AFURLResponseSerialization.m */ = {isa = PBXFileReference; fileEncoding = 4; lastKnownFileType = sourcecode.c.objc; path = AFURLResponseSerialization.m; sourceTree = "<group>"; };
		C362B43E1A0E660A00E54F84 /* AFURLSessionManager.h */ = {isa = PBXFileReference; fileEncoding = 4; lastKnownFileType = sourcecode.c.h; path = AFURLSessionManager.h; sourceTree = "<group>"; };
		C362B43F1A0E660A00E54F84 /* AFURLSessionManager.m */ = {isa = PBXFileReference; fileEncoding = 4; lastKnownFileType = sourcecode.c.objc; path = AFURLSessionManager.m; sourceTree = "<group>"; };
		C362B4491A0E6C2A00E54F84 /* Security.framework */ = {isa = PBXFileReference; lastKnownFileType = wrapper.framework; name = Security.framework; path = System/Library/Frameworks/Security.framework; sourceTree = SDKROOT; };
		C362B44B1A0E6C3700E54F84 /* MobileCoreServices.framework */ = {isa = PBXFileReference; lastKnownFileType = wrapper.framework; name = MobileCoreServices.framework; path = System/Library/Frameworks/MobileCoreServices.framework; sourceTree = SDKROOT; };
		C362B44D1A0E6C4E00E54F84 /* SystemConfiguration.framework */ = {isa = PBXFileReference; lastKnownFileType = wrapper.framework; name = SystemConfiguration.framework; path = System/Library/Frameworks/SystemConfiguration.framework; sourceTree = SDKROOT; };
		C362B4511A0E6D3000E54F84 /* StoreController.h */ = {isa = PBXFileReference; fileEncoding = 4; lastKnownFileType = sourcecode.c.h; path = StoreController.h; sourceTree = "<group>"; };
		C362B4521A0E6D3000E54F84 /* StoreController.m */ = {isa = PBXFileReference; fileEncoding = 4; lastKnownFileType = sourcecode.c.objc; path = StoreController.m; sourceTree = "<group>"; };
		C368ECE81A0F6EDC00AEB8C8 /* DataUtils.h */ = {isa = PBXFileReference; fileEncoding = 4; lastKnownFileType = sourcecode.c.h; path = DataUtils.h; sourceTree = "<group>"; };
		C368ECE91A0F6EDC00AEB8C8 /* DataUtils.m */ = {isa = PBXFileReference; fileEncoding = 4; lastKnownFileType = sourcecode.c.objc; path = DataUtils.m; sourceTree = "<group>"; };
		C368ECED1A0F75C600AEB8C8 /* DPRequest.h */ = {isa = PBXFileReference; fileEncoding = 4; lastKnownFileType = sourcecode.c.h; path = DPRequest.h; sourceTree = "<group>"; };
		C368ECEE1A0F75C600AEB8C8 /* DPRequest.m */ = {isa = PBXFileReference; fileEncoding = 4; lastKnownFileType = sourcecode.c.objc; path = DPRequest.m; sourceTree = "<group>"; };
		C368ECF31A0F7D6300AEB8C8 /* NetworkManager.h */ = {isa = PBXFileReference; fileEncoding = 4; lastKnownFileType = sourcecode.c.h; path = NetworkManager.h; sourceTree = "<group>"; };
		C368ECF41A0F7D6300AEB8C8 /* NetworkManager.m */ = {isa = PBXFileReference; fileEncoding = 4; lastKnownFileType = sourcecode.c.objc; path = NetworkManager.m; sourceTree = "<group>"; };
		C368ECF61A0F825C00AEB8C8 /* DPResponse.h */ = {isa = PBXFileReference; fileEncoding = 4; lastKnownFileType = sourcecode.c.h; path = DPResponse.h; sourceTree = "<group>"; };
		C368ECF71A0F825C00AEB8C8 /* DPResponse.m */ = {isa = PBXFileReference; fileEncoding = 4; lastKnownFileType = sourcecode.c.objc; path = DPResponse.m; sourceTree = "<group>"; };
		C368ECFD1A0F8F3C00AEB8C8 /* UserController.h */ = {isa = PBXFileReference; fileEncoding = 4; lastKnownFileType = sourcecode.c.h; path = UserController.h; sourceTree = "<group>"; };
		C368ECFE1A0F8F3C00AEB8C8 /* UserController.m */ = {isa = PBXFileReference; fileEncoding = 4; lastKnownFileType = sourcecode.c.objc; path = UserController.m; sourceTree = "<group>"; };
		C368ED011A0F918800AEB8C8 /* tab_user_nor.png */ = {isa = PBXFileReference; lastKnownFileType = image.png; path = tab_user_nor.png; sourceTree = "<group>"; };
		C368ED021A0F918800AEB8C8 /* tab_user_sel.png */ = {isa = PBXFileReference; lastKnownFileType = image.png; path = tab_user_sel.png; sourceTree = "<group>"; };
		C3D749021A110DC800810559 /* DPConstants.h */ = {isa = PBXFileReference; fileEncoding = 4; lastKnownFileType = sourcecode.c.h; path = DPConstants.h; sourceTree = "<group>"; };
		C3D749031A110DC800810559 /* DPConstants.m */ = {isa = PBXFileReference; fileEncoding = 4; lastKnownFileType = sourcecode.c.objc; path = DPConstants.m; sourceTree = "<group>"; };
/* End PBXFileReference section */

/* Begin PBXFrameworksBuildPhase section */
		C362B3F11A0E5CE200E54F84 /* Frameworks */ = {
			isa = PBXFrameworksBuildPhase;
			buildActionMask = 2147483647;
			files = (
				C362B44E1A0E6C4E00E54F84 /* SystemConfiguration.framework in Frameworks */,
				C362B44C1A0E6C3700E54F84 /* MobileCoreServices.framework in Frameworks */,
				C362B44A1A0E6C2A00E54F84 /* Security.framework in Frameworks */,
			);
			runOnlyForDeploymentPostprocessing = 0;
		};
		C362B40A1A0E5CE200E54F84 /* Frameworks */ = {
			isa = PBXFrameworksBuildPhase;
			buildActionMask = 2147483647;
			files = (
			);
			runOnlyForDeploymentPostprocessing = 0;
		};
/* End PBXFrameworksBuildPhase section */

/* Begin PBXGroup section */
		C362B3EB1A0E5CE200E54F84 = {
			isa = PBXGroup;
			children = (
				C362B3F61A0E5CE200E54F84 /* DPLife */,
				C362B4101A0E5CE200E54F84 /* DPLifeTests */,
				C362B44F1A0E6CA600E54F84 /* framework */,
				C362B3F51A0E5CE200E54F84 /* Products */,
			);
			sourceTree = "<group>";
		};
		C362B3F51A0E5CE200E54F84 /* Products */ = {
			isa = PBXGroup;
			children = (
				C362B3F41A0E5CE200E54F84 /* DPLife.app */,
				C362B40D1A0E5CE200E54F84 /* DPLifeTests.xctest */,
			);
			name = Products;
			sourceTree = "<group>";
		};
		C362B3F61A0E5CE200E54F84 /* DPLife */ = {
			isa = PBXGroup;
			children = (
				C362B3FB1A0E5CE200E54F84 /* AppDelegate.h */,
				C362B3FC1A0E5CE200E54F84 /* AppDelegate.m */,
				C362B4201A0E636300E54F84 /* Controller */,
				C368ED001A0F908500AEB8C8 /* Image */,
				C362B4041A0E5CE200E54F84 /* Images.xcassets */,
				C362B4061A0E5CE200E54F84 /* LaunchScreen.xib */,
				C362B4011A0E5CE200E54F84 /* Main.storyboard */,
				C368ECEC1A0F75AB00AEB8C8 /* NetworkManager */,
				C362B3F71A0E5CE200E54F84 /* Supporting Files */,
				C362B42B1A0E65D400E54F84 /* ThirdParty */,
				C368ECE71A0F6EB100AEB8C8 /* Utils */,
				C362B4211A0E636300E54F84 /* View */,
				C362B3FE1A0E5CE200E54F84 /* ViewController.h */,
				C362B3FF1A0E5CE200E54F84 /* ViewController.m */,
			);
			path = DPLife;
			sourceTree = "<group>";
		};
		C362B3F71A0E5CE200E54F84 /* Supporting Files */ = {
			isa = PBXGroup;
			children = (
				C362B3F81A0E5CE200E54F84 /* Info.plist */,
				C362B3F91A0E5CE200E54F84 /* main.m */,
			);
			name = "Supporting Files";
			sourceTree = "<group>";
		};
		C362B4101A0E5CE200E54F84 /* DPLifeTests */ = {
			isa = PBXGroup;
			children = (
				C362B4131A0E5CE200E54F84 /* DPLifeTests.m */,
				C362B4111A0E5CE200E54F84 /* Supporting Files */,
			);
			path = DPLifeTests;
			sourceTree = "<group>";
		};
		C362B4111A0E5CE200E54F84 /* Supporting Files */ = {
			isa = PBXGroup;
			children = (
				C362B4121A0E5CE200E54F84 /* Info.plist */,
			);
			name = "Supporting Files";
			sourceTree = "<group>";
		};
		C362B4201A0E636300E54F84 /* Controller */ = {
			isa = PBXGroup;
			children = (
				C368ECFC1A0F8F2A00AEB8C8 /* User */,
				C362B4501A0E6D1A00E54F84 /* Store */,
				C362B4221A0E63FA00E54F84 /* BaseController.h */,
				C362B4231A0E63FA00E54F84 /* BaseController.m */,
				C362B4251A0E64C200E54F84 /* DPNavigationController.h */,
				C362B4261A0E64C200E54F84 /* DPNavigationController.m */,
				C362B4281A0E658700E54F84 /* DPTabBarController.h */,
				C362B4291A0E658700E54F84 /* DPTabBarController.m */,
			);
			path = Controller;
			sourceTree = "<group>";
		};
		C362B4211A0E636300E54F84 /* View */ = {
			isa = PBXGroup;
			children = (
			);
			path = View;
			sourceTree = "<group>";
		};
		C362B42B1A0E65D400E54F84 /* ThirdParty */ = {
			isa = PBXGroup;
			children = (
				C362B42C1A0E660A00E54F84 /* AFNetworking */,
			);
			path = ThirdParty;
			sourceTree = "<group>";
		};
		C362B42C1A0E660A00E54F84 /* AFNetworking */ = {
			isa = PBXGroup;
			children = (
				C362B42D1A0E660A00E54F84 /* AFHTTPRequestOperation.h */,
				C362B42E1A0E660A00E54F84 /* AFHTTPRequestOperation.m */,
				C362B42F1A0E660A00E54F84 /* AFHTTPRequestOperationManager.h */,
				C362B4301A0E660A00E54F84 /* AFHTTPRequestOperationManager.m */,
				C362B4311A0E660A00E54F84 /* AFHTTPSessionManager.h */,
				C362B4321A0E660A00E54F84 /* AFHTTPSessionManager.m */,
				C362B4331A0E660A00E54F84 /* AFNetworking.h */,
				C362B4341A0E660A00E54F84 /* AFNetworkReachabilityManager.h */,
				C362B4351A0E660A00E54F84 /* AFNetworkReachabilityManager.m */,
				C362B4361A0E660A00E54F84 /* AFSecurityPolicy.h */,
				C362B4371A0E660A00E54F84 /* AFSecurityPolicy.m */,
				C362B4381A0E660A00E54F84 /* AFURLConnectionOperation.h */,
				C362B4391A0E660A00E54F84 /* AFURLConnectionOperation.m */,
				C362B43A1A0E660A00E54F84 /* AFURLRequestSerialization.h */,
				C362B43B1A0E660A00E54F84 /* AFURLRequestSerialization.m */,
				C362B43C1A0E660A00E54F84 /* AFURLResponseSerialization.h */,
				C362B43D1A0E660A00E54F84 /* AFURLResponseSerialization.m */,
				C362B43E1A0E660A00E54F84 /* AFURLSessionManager.h */,
				C362B43F1A0E660A00E54F84 /* AFURLSessionManager.m */,
			);
			path = AFNetworking;
			sourceTree = "<group>";
		};
		C362B44F1A0E6CA600E54F84 /* framework */ = {
			isa = PBXGroup;
			children = (
				C362B44D1A0E6C4E00E54F84 /* SystemConfiguration.framework */,
				C362B44B1A0E6C3700E54F84 /* MobileCoreServices.framework */,
				C362B4491A0E6C2A00E54F84 /* Security.framework */,
			);
			name = framework;
			sourceTree = "<group>";
		};
		C362B4501A0E6D1A00E54F84 /* Store */ = {
			isa = PBXGroup;
			children = (
				C362B4511A0E6D3000E54F84 /* StoreController.h */,
				C362B4521A0E6D3000E54F84 /* StoreController.m */,
			);
			path = Store;
			sourceTree = "<group>";
		};
		C368ECE71A0F6EB100AEB8C8 /* Utils */ = {
			isa = PBXGroup;
			children = (
				C368ECE81A0F6EDC00AEB8C8 /* DataUtils.h */,
				C368ECE91A0F6EDC00AEB8C8 /* DataUtils.m */,
				C3D749021A110DC800810559 /* DPConstants.h */,
				C3D749031A110DC800810559 /* DPConstants.m */,
			);
			path = Utils;
			sourceTree = "<group>";
		};
		C368ECEC1A0F75AB00AEB8C8 /* NetworkManager */ = {
			isa = PBXGroup;
			children = (
				C368ECED1A0F75C600AEB8C8 /* DPRequest.h */,
				C368ECEE1A0F75C600AEB8C8 /* DPRequest.m */,
				C368ECF31A0F7D6300AEB8C8 /* NetworkManager.h */,
				C368ECF41A0F7D6300AEB8C8 /* NetworkManager.m */,
				C368ECF61A0F825C00AEB8C8 /* DPResponse.h */,
				C368ECF71A0F825C00AEB8C8 /* DPResponse.m */,
			);
			path = NetworkManager;
			sourceTree = "<group>";
		};
		C368ECFC1A0F8F2A00AEB8C8 /* User */ = {
			isa = PBXGroup;
			children = (
				C368ECFD1A0F8F3C00AEB8C8 /* UserController.h */,
				C368ECFE1A0F8F3C00AEB8C8 /* UserController.m */,
			);
			path = User;
			sourceTree = "<group>";
		};
		C368ED001A0F908500AEB8C8 /* Image */ = {
			isa = PBXGroup;
			children = (
				C368ED011A0F918800AEB8C8 /* tab_user_nor.png */,
				C368ED021A0F918800AEB8C8 /* tab_user_sel.png */,
			);
			path = Image;
			sourceTree = "<group>";
		};
/* End PBXGroup section */

/* Begin PBXNativeTarget section */
		C362B3F31A0E5CE200E54F84 /* DPLife */ = {
			isa = PBXNativeTarget;
			buildConfigurationList = C362B4171A0E5CE200E54F84 /* Build configuration list for PBXNativeTarget "DPLife" */;
			buildPhases = (
				C362B3F01A0E5CE200E54F84 /* Sources */,
				C362B3F11A0E5CE200E54F84 /* Frameworks */,
				C362B3F21A0E5CE200E54F84 /* Resources */,
			);
			buildRules = (
			);
			dependencies = (
			);
			name = DPLife;
			productName = DPLife;
			productReference = C362B3F41A0E5CE200E54F84 /* DPLife.app */;
			productType = "com.apple.product-type.application";
		};
		C362B40C1A0E5CE200E54F84 /* DPLifeTests */ = {
			isa = PBXNativeTarget;
			buildConfigurationList = C362B41A1A0E5CE200E54F84 /* Build configuration list for PBXNativeTarget "DPLifeTests" */;
			buildPhases = (
				C362B4091A0E5CE200E54F84 /* Sources */,
				C362B40A1A0E5CE200E54F84 /* Frameworks */,
				C362B40B1A0E5CE200E54F84 /* Resources */,
			);
			buildRules = (
			);
			dependencies = (
				C362B40F1A0E5CE200E54F84 /* PBXTargetDependency */,
			);
			name = DPLifeTests;
			productName = DPLifeTests;
			productReference = C362B40D1A0E5CE200E54F84 /* DPLifeTests.xctest */;
			productType = "com.apple.product-type.bundle.unit-test";
		};
/* End PBXNativeTarget section */

/* Begin PBXProject section */
		C362B3EC1A0E5CE200E54F84 /* Project object */ = {
			isa = PBXProject;
			attributes = {
				LastUpgradeCheck = 0610;
				ORGANIZATIONNAME = yp;
				TargetAttributes = {
					C362B3F31A0E5CE200E54F84 = {
						CreatedOnToolsVersion = 6.1;
					};
					C362B40C1A0E5CE200E54F84 = {
						CreatedOnToolsVersion = 6.1;
						TestTargetID = C362B3F31A0E5CE200E54F84;
					};
				};
			};
			buildConfigurationList = C362B3EF1A0E5CE200E54F84 /* Build configuration list for PBXProject "DPLife" */;
			compatibilityVersion = "Xcode 3.2";
			developmentRegion = English;
			hasScannedForEncodings = 0;
			knownRegions = (
				en,
				Base,
			);
			mainGroup = C362B3EB1A0E5CE200E54F84;
			productRefGroup = C362B3F51A0E5CE200E54F84 /* Products */;
			projectDirPath = "";
			projectRoot = "";
			targets = (
				C362B3F31A0E5CE200E54F84 /* DPLife */,
				C362B40C1A0E5CE200E54F84 /* DPLifeTests */,
			);
		};
/* End PBXProject section */

/* Begin PBXResourcesBuildPhase section */
		C362B3F21A0E5CE200E54F84 /* Resources */ = {
			isa = PBXResourcesBuildPhase;
			buildActionMask = 2147483647;
			files = (
				C362B4031A0E5CE200E54F84 /* Main.storyboard in Resources */,
				C362B4081A0E5CE200E54F84 /* LaunchScreen.xib in Resources */,
				C368ED031A0F918800AEB8C8 /* tab_user_nor.png in Resources */,
				C362B4051A0E5CE200E54F84 /* Images.xcassets in Resources */,
				C368ED041A0F918800AEB8C8 /* tab_user_sel.png in Resources */,
			);
			runOnlyForDeploymentPostprocessing = 0;
		};
		C362B40B1A0E5CE200E54F84 /* Resources */ = {
			isa = PBXResourcesBuildPhase;
			buildActionMask = 2147483647;
			files = (
			);
			runOnlyForDeploymentPostprocessing = 0;
		};
/* End PBXResourcesBuildPhase section */

/* Begin PBXSourcesBuildPhase section */
		C362B3F01A0E5CE200E54F84 /* Sources */ = {
			isa = PBXSourcesBuildPhase;
			buildActionMask = 2147483647;
			files = (
				C362B4481A0E660A00E54F84 /* AFURLSessionManager.m in Sources */,
				C362B4271A0E64C200E54F84 /* DPNavigationController.m in Sources */,
				C362B4001A0E5CE200E54F84 /* ViewController.m in Sources */,
				C362B4431A0E660A00E54F84 /* AFNetworkReachabilityManager.m in Sources */,
				C362B3FD1A0E5CE200E54F84 /* AppDelegate.m in Sources */,
				C362B4451A0E660A00E54F84 /* AFURLConnectionOperation.m in Sources */,
				C368ECEA1A0F6EDC00AEB8C8 /* DataUtils.m in Sources */,
				C368ECF51A0F7D6300AEB8C8 /* NetworkManager.m in Sources */,
				C362B4421A0E660A00E54F84 /* AFHTTPSessionManager.m in Sources */,
				C362B4461A0E660A00E54F84 /* AFURLRequestSerialization.m in Sources */,
				C362B42A1A0E658700E54F84 /* DPTabBarController.m in Sources */,
				C362B4241A0E63FA00E54F84 /* BaseController.m in Sources */,
				C362B3FA1A0E5CE200E54F84 /* main.m in Sources */,
				C362B4411A0E660A00E54F84 /* AFHTTPRequestOperationManager.m in Sources */,
				C368ECEF1A0F75C600AEB8C8 /* DPRequest.m in Sources */,
				C368ECFF1A0F8F3C00AEB8C8 /* UserController.m in Sources */,
				C368ECF81A0F825C00AEB8C8 /* DPResponse.m in Sources */,
				C3D749041A110DC800810559 /* DPConstants.m in Sources */,
				C362B4441A0E660A00E54F84 /* AFSecurityPolicy.m in Sources */,
				C362B4531A0E6D3000E54F84 /* StoreController.m in Sources */,
				C362B4471A0E660A00E54F84 /* AFURLResponseSerialization.m in Sources */,
				C362B4401A0E660A00E54F84 /* AFHTTPRequestOperation.m in Sources */,
			);
			runOnlyForDeploymentPostprocessing = 0;
		};
		C362B4091A0E5CE200E54F84 /* Sources */ = {
			isa = PBXSourcesBuildPhase;
			buildActionMask = 2147483647;
			files = (
				C362B4141A0E5CE200E54F84 /* DPLifeTests.m in Sources */,
			);
			runOnlyForDeploymentPostprocessing = 0;
		};
/* End PBXSourcesBuildPhase section */

/* Begin PBXTargetDependency section */
		C362B40F1A0E5CE200E54F84 /* PBXTargetDependency */ = {
			isa = PBXTargetDependency;
			target = C362B3F31A0E5CE200E54F84 /* DPLife */;
			targetProxy = C362B40E1A0E5CE200E54F84 /* PBXContainerItemProxy */;
		};
/* End PBXTargetDependency section */

/* Begin PBXVariantGroup section */
		C362B4011A0E5CE200E54F84 /* Main.storyboard */ = {
			isa = PBXVariantGroup;
			children = (
				C362B4021A0E5CE200E54F84 /* Base */,
			);
			name = Main.storyboard;
			sourceTree = "<group>";
		};
		C362B4061A0E5CE200E54F84 /* LaunchScreen.xib */ = {
			isa = PBXVariantGroup;
			children = (
				C362B4071A0E5CE200E54F84 /* Base */,
			);
			name = LaunchScreen.xib;
			sourceTree = "<group>";
		};
/* End PBXVariantGroup section */

/* Begin XCBuildConfiguration section */
		C362B4151A0E5CE200E54F84 /* Debug */ = {
			isa = XCBuildConfiguration;
			buildSettings = {
				ALWAYS_SEARCH_USER_PATHS = NO;
				CLANG_CXX_LANGUAGE_STANDARD = "gnu++0x";
				CLANG_CXX_LIBRARY = "libc++";
				CLANG_ENABLE_MODULES = YES;
				CLANG_ENABLE_OBJC_ARC = YES;
				CLANG_WARN_BOOL_CONVERSION = YES;
				CLANG_WARN_CONSTANT_CONVERSION = YES;
				CLANG_WARN_DIRECT_OBJC_ISA_USAGE = YES_ERROR;
				CLANG_WARN_EMPTY_BODY = YES;
				CLANG_WARN_ENUM_CONVERSION = YES;
				CLANG_WARN_INT_CONVERSION = YES;
				CLANG_WARN_OBJC_ROOT_CLASS = YES_ERROR;
				CLANG_WARN_UNREACHABLE_CODE = YES;
				CLANG_WARN__DUPLICATE_METHOD_MATCH = YES;
				"CODE_SIGN_IDENTITY[sdk=iphoneos*]" = "iPhone Developer";
				COPY_PHASE_STRIP = NO;
				ENABLE_STRICT_OBJC_MSGSEND = YES;
				GCC_C_LANGUAGE_STANDARD = gnu99;
				GCC_DYNAMIC_NO_PIC = NO;
				GCC_OPTIMIZATION_LEVEL = 0;
				GCC_PREPROCESSOR_DEFINITIONS = (
					"DEBUG=1",
					"$(inherited)",
				);
				GCC_SYMBOLS_PRIVATE_EXTERN = NO;
				GCC_WARN_64_TO_32_BIT_CONVERSION = YES;
				GCC_WARN_ABOUT_RETURN_TYPE = YES_ERROR;
				GCC_WARN_UNDECLARED_SELECTOR = YES;
				GCC_WARN_UNINITIALIZED_AUTOS = YES_AGGRESSIVE;
				GCC_WARN_UNUSED_FUNCTION = YES;
				GCC_WARN_UNUSED_VARIABLE = YES;
				IPHONEOS_DEPLOYMENT_TARGET = 8.1;
				MTL_ENABLE_DEBUG_INFO = YES;
				ONLY_ACTIVE_ARCH = YES;
				SDKROOT = iphoneos;
			};
			name = Debug;
		};
		C362B4161A0E5CE200E54F84 /* Release */ = {
			isa = XCBuildConfiguration;
			buildSettings = {
				ALWAYS_SEARCH_USER_PATHS = NO;
				CLANG_CXX_LANGUAGE_STANDARD = "gnu++0x";
				CLANG_CXX_LIBRARY = "libc++";
				CLANG_ENABLE_MODULES = YES;
				CLANG_ENABLE_OBJC_ARC = YES;
				CLANG_WARN_BOOL_CONVERSION = YES;
				CLANG_WARN_CONSTANT_CONVERSION = YES;
				CLANG_WARN_DIRECT_OBJC_ISA_USAGE = YES_ERROR;
				CLANG_WARN_EMPTY_BODY = YES;
				CLANG_WARN_ENUM_CONVERSION = YES;
				CLANG_WARN_INT_CONVERSION = YES;
				CLANG_WARN_OBJC_ROOT_CLASS = YES_ERROR;
				CLANG_WARN_UNREACHABLE_CODE = YES;
				CLANG_WARN__DUPLICATE_METHOD_MATCH = YES;
				"CODE_SIGN_IDENTITY[sdk=iphoneos*]" = "iPhone Developer";
				COPY_PHASE_STRIP = YES;
				ENABLE_NS_ASSERTIONS = NO;
				ENABLE_STRICT_OBJC_MSGSEND = YES;
				GCC_C_LANGUAGE_STANDARD = gnu99;
				GCC_WARN_64_TO_32_BIT_CONVERSION = YES;
				GCC_WARN_ABOUT_RETURN_TYPE = YES_ERROR;
				GCC_WARN_UNDECLARED_SELECTOR = YES;
				GCC_WARN_UNINITIALIZED_AUTOS = YES_AGGRESSIVE;
				GCC_WARN_UNUSED_FUNCTION = YES;
				GCC_WARN_UNUSED_VARIABLE = YES;
				IPHONEOS_DEPLOYMENT_TARGET = 8.1;
				MTL_ENABLE_DEBUG_INFO = NO;
				SDKROOT = iphoneos;
				VALIDATE_PRODUCT = YES;
			};
			name = Release;
		};
		C362B4181A0E5CE200E54F84 /* Debug */ = {
			isa = XCBuildConfiguration;
			buildSettings = {
				ASSETCATALOG_COMPILER_APPICON_NAME = AppIcon;
				INFOPLIST_FILE = DPLife/Info.plist;
				LD_RUNPATH_SEARCH_PATHS = "$(inherited) @executable_path/Frameworks";
				PRODUCT_NAME = "$(TARGET_NAME)";
			};
			name = Debug;
		};
		C362B4191A0E5CE200E54F84 /* Release */ = {
			isa = XCBuildConfiguration;
			buildSettings = {
				ASSETCATALOG_COMPILER_APPICON_NAME = AppIcon;
				INFOPLIST_FILE = DPLife/Info.plist;
				LD_RUNPATH_SEARCH_PATHS = "$(inherited) @executable_path/Frameworks";
				PRODUCT_NAME = "$(TARGET_NAME)";
			};
			name = Release;
		};
		C362B41B1A0E5CE200E54F84 /* Debug */ = {
			isa = XCBuildConfiguration;
			buildSettings = {
				BUNDLE_LOADER = "$(TEST_HOST)";
				FRAMEWORK_SEARCH_PATHS = (
					"$(SDKROOT)/Developer/Library/Frameworks",
					"$(inherited)",
				);
				GCC_PREPROCESSOR_DEFINITIONS = (
					"DEBUG=1",
					"$(inherited)",
				);
				INFOPLIST_FILE = DPLifeTests/Info.plist;
				LD_RUNPATH_SEARCH_PATHS = "$(inherited) @executable_path/Frameworks @loader_path/Frameworks";
				PRODUCT_NAME = "$(TARGET_NAME)";
				TEST_HOST = "$(BUILT_PRODUCTS_DIR)/DPLife.app/DPLife";
			};
			name = Debug;
		};
		C362B41C1A0E5CE200E54F84 /* Release */ = {
			isa = XCBuildConfiguration;
			buildSettings = {
				BUNDLE_LOADER = "$(TEST_HOST)";
				FRAMEWORK_SEARCH_PATHS = (
					"$(SDKROOT)/Developer/Library/Frameworks",
					"$(inherited)",
				);
				INFOPLIST_FILE = DPLifeTests/Info.plist;
				LD_RUNPATH_SEARCH_PATHS = "$(inherited) @executable_path/Frameworks @loader_path/Frameworks";
				PRODUCT_NAME = "$(TARGET_NAME)";
				TEST_HOST = "$(BUILT_PRODUCTS_DIR)/DPLife.app/DPLife";
			};
			name = Release;
		};
/* End XCBuildConfiguration section */

/* Begin XCConfigurationList section */
		C362B3EF1A0E5CE200E54F84 /* Build configuration list for PBXProject "DPLife" */ = {
			isa = XCConfigurationList;
			buildConfigurations = (
				C362B4151A0E5CE200E54F84 /* Debug */,
				C362B4161A0E5CE200E54F84 /* Release */,
			);
			defaultConfigurationIsVisible = 0;
			defaultConfigurationName = Release;
		};
		C362B4171A0E5CE200E54F84 /* Build configuration list for PBXNativeTarget "DPLife" */ = {
			isa = XCConfigurationList;
			buildConfigurations = (
				C362B4181A0E5CE200E54F84 /* Debug */,
				C362B4191A0E5CE200E54F84 /* Release */,
			);
			defaultConfigurationIsVisible = 0;
			defaultConfigurationName = Release;
		};
		C362B41A1A0E5CE200E54F84 /* Build configuration list for PBXNativeTarget "DPLifeTests" */ = {
			isa = XCConfigurationList;
			buildConfigurations = (
				C362B41B1A0E5CE200E54F84 /* Debug */,
				C362B41C1A0E5CE200E54F84 /* Release */,
			);
			defaultConfigurationIsVisible = 0;
			defaultConfigurationName = Release;
		};
/* End XCConfigurationList section */
	};
	rootObject = C362B3EC1A0E5CE200E54F84 /* Project object */;
}
